Microsoft Visual Studio Solution File, Format Version 8.00
Project("{8BC9CEB8-8B4A-11D0-8D11-00A0C91BC942}") = "addGeomRepresentation", "addGeomRepresentation\addGeomRepresentation.vcproj", "{AC29CA10-2B75-494F-A370-6767C7AB5FC1}"
	ProjectSection(ProjectDependencies) = postProject
		{877A1388-B3CA-481A-9BFB-C7178EC68D0B} = {877A1388-B3CA-481A-9BFB-C7178EC68D0B}
		{31C5E1F3-85BD-4580-973D-CA344342DD36} = {31C5E1F3-85BD-4580-973D-CA344342DD36}
	EndProjectSection
EndProject
Project("{8BC9CEB8-8B4A-11D0-8D11-00A0C91BC942}") = "convertCoordinates", "convertCoordinates\convertCoordinates.vcproj", "{7AF97D40-AC01-471B-AE4A-81D2542DFE5A}"
	ProjectSection(ProjectDependencies) = postProject
		{877A1388-B3CA-481A-9BFB-C7178EC68D0B} = {877A1388-B3CA-481A-9BFB-C7178EC68D0B}
		{31C5E1F3-85BD-4580-973D-CA344342DD36} = {31C5E1F3-85BD-4580-973D-CA344342DD36}
	EndProjectSection
EndProject
Project("{8BC9CEB8-8B4A-11D0-8D11-00A0C91BC942}") = "copyLayer", "copyLayer\copyLayer.vcproj", "{BA9A9F9F-CD6E-4203-97C6-EBF862BE6A4D}"
	ProjectSection(ProjectDependencies) = postProject
	EndProjectSection
EndProject
Project("{8BC9CEB8-8B4A-11D0-8D11-00A0C91BC942}") = "createDatabase", "createDatabase\createDatabase.vcproj", "{970FF570-5C7F-48A4-B8C7-C0539D3A45DA}"
	ProjectSection(ProjectDependencies) = postProject
		{877A1388-B3CA-481A-9BFB-C7178EC68D0B} = {877A1388-B3CA-481A-9BFB-C7178EC68D0B}
		{31C5E1F3-85BD-4580-973D-CA344342DD36} = {31C5E1F3-85BD-4580-973D-CA344342DD36}
	EndProjectSection
EndProject
Project("{8BC9CEB8-8B4A-11D0-8D11-00A0C91BC942}") = "createLayer", "createLayer\createLayer.vcproj", "{60593B0C-8CD8-4157-95EC-0185FBAD9268}"
	ProjectSection(ProjectDependencies) = postProject
		{877A1388-B3CA-481A-9BFB-C7178EC68D0B} = {877A1388-B3CA-481A-9BFB-C7178EC68D0B}
		{31C5E1F3-85BD-4580-973D-CA344342DD36} = {31C5E1F3-85BD-4580-973D-CA344342DD36}
	EndProjectSection
EndProject
Project("{8BC9CEB8-8B4A-11D0-8D11-00A0C91BC942}") = "createProximityMatrix", "createProximityMatrix\createProximityMatrix.vcproj", "{766E52C5-4D16-483C-A2B1-48388BC89232}"
	ProjectSection(ProjectDependencies) = postProject
		{877A1388-B3CA-481A-9BFB-C7178EC68D0B} = {877A1388-B3CA-481A-9BFB-C7178EC68D0B}
		{31C5E1F3-85BD-4580-973D-CA344342DD36} = {31C5E1F3-85BD-4580-973D-CA344342DD36}
	EndProjectSection
EndProject
Project("{8BC9CEB8-8B4A-11D0-8D11-00A0C91BC942}") = "createSTElementSet", "createSTElementSet\createSTElementSet.vcproj", "{AC29CA10-2B75-494F-A370-6767C7AB5FC1}"
	ProjectSection(ProjectDependencies) = postProject
		{877A1388-B3CA-481A-9BFB-C7178EC68D0B} = {877A1388-B3CA-481A-9BFB-C7178EC68D0B}
		{31C5E1F3-85BD-4580-973D-CA344342DD36} = {31C5E1F3-85BD-4580-973D-CA344342DD36}
	EndProjectSection
EndProject
Project("{8BC9CEB8-8B4A-11D0-8D11-00A0C91BC942}") = "createSTElementSetFromLayer", "createSTElementSetFromLayer\createSTElementSetFromLayer.vcproj", "{13B81AAF-DFE1-4E64-8B6D-1D4251DF8926}"
	ProjectSection(ProjectDependencies) = postProject
		{877A1388-B3CA-481A-9BFB-C7178EC68D0B} = {877A1388-B3CA-481A-9BFB-C7178EC68D0B}
		{31C5E1F3-85BD-4580-973D-CA344342DD36} = {31C5E1F3-85BD-4580-973D-CA344342DD36}
	EndProjectSection
EndProject
Project("{8BC9CEB8-8B4A-11D0-8D11-00A0C91BC942}") = "createSTElementSetFromTheme", "createSTElementSetFromTheme\createSTElementSetFromTheme.vcproj", "{1BB59FDE-040E-4273-A0E1-2826608FFB95}"
	ProjectSection(ProjectDependencies) = postProject
		{877A1388-B3CA-481A-9BFB-C7178EC68D0B} = {877A1388-B3CA-481A-9BFB-C7178EC68D0B}
		{31C5E1F3-85BD-4580-973D-CA344342DD36} = {31C5E1F3-85BD-4580-973D-CA344342DD36}
	EndProjectSection
EndProject
Project("{8BC9CEB8-8B4A-11D0-8D11-00A0C91BC942}") = "createTable", "createTable\createTable.vcproj", "{970FF570-5C7F-48A4-B8C7-C0539D3A45DA}"
	ProjectSection(ProjectDependencies) = postProject
		{877A1388-B3CA-481A-9BFB-C7178EC68D0B} = {877A1388-B3CA-481A-9BFB-C7178EC68D0B}
		{31C5E1F3-85BD-4580-973D-CA344342DD36} = {31C5E1F3-85BD-4580-973D-CA344342DD36}
	EndProjectSection
EndProject
Project("{8BC9CEB8-8B4A-11D0-8D11-00A0C91BC942}") = "databaseQuery", "databaseQuery\databaseQuery.vcproj", "{970FF570-5C7F-48A4-B8C7-C0539D3A45DA}"
	ProjectSection(ProjectDependencies) = postProject
		{877A1388-B3CA-481A-9BFB-C7178EC68D0B} = {877A1388-B3CA-481A-9BFB-C7178EC68D0B}
		{31C5E1F3-85BD-4580-973D-CA344342DD36} = {31C5E1F3-85BD-4580-973D-CA344342DD36}
	EndProjectSection
EndProject
Project("{8BC9CEB8-8B4A-11D0-8D11-00A0C91BC942}") = "databaseSQLQuery", "databaseSQLQuery\databaseSQLQuery.vcproj", "{970FF570-5C7F-48A4-B8C7-C0539D3A45DA}"
	ProjectSection(ProjectDependencies) = postProject
		{877A1388-B3CA-481A-9BFB-C7178EC68D0B} = {877A1388-B3CA-481A-9BFB-C7178EC68D0B}
		{31C5E1F3-85BD-4580-973D-CA344342DD36} = {31C5E1F3-85BD-4580-973D-CA344342DD36}
	EndProjectSection
EndProject
Project("{8BC9CEB8-8B4A-11D0-8D11-00A0C91BC942}") = "importCSV", "importCSV\importCSV.vcproj", "{AC29CA10-2B75-494F-A370-6767C7AB5FC1}"
	ProjectSection(ProjectDependencies) = postProject
		{877A1388-B3CA-481A-9BFB-C7178EC68D0B} = {877A1388-B3CA-481A-9BFB-C7178EC68D0B}
		{31C5E1F3-85BD-4580-973D-CA344342DD36} = {31C5E1F3-85BD-4580-973D-CA344342DD36}
	EndProjectSection
EndProject
Project("{8BC9CEB8-8B4A-11D0-8D11-00A0C91BC942}") = "importDBF", "importDBF\importDBF.vcproj", "{AC29CA10-2B75-494F-A370-6767C7AB5FC1}"
	ProjectSection(ProjectDependencies) = postProject
		{877A1388-B3CA-481A-9BFB-C7178EC68D0B} = {877A1388-B3CA-481A-9BFB-C7178EC68D0B}
		{31C5E1F3-85BD-4580-973D-CA344342DD36} = {31C5E1F3-85BD-4580-973D-CA344342DD36}
	EndProjectSection
EndProject
Project("{8BC9CEB8-8B4A-11D0-8D11-00A0C91BC942}") = "importGeoTab", "importGeoTab\importGeoTab.vcproj", "{AC29CA10-2B75-494F-A370-6767C7AB5FC1}"
	ProjectSection(ProjectDependencies) = postProject
		{877A1388-B3CA-481A-9BFB-C7178EC68D0B} = {877A1388-B3CA-481A-9BFB-C7178EC68D0B}
		{31C5E1F3-85BD-4580-973D-CA344342DD36} = {31C5E1F3-85BD-4580-973D-CA344342DD36}
	EndProjectSection
EndProject
Project("{8BC9CEB8-8B4A-11D0-8D11-00A0C91BC942}") = "importGridData", "importGridData\importGridData.vcproj", "{AC29CA10-2B75-494F-A370-6767C7AB5FC1}"
	ProjectSection(ProjectDependencies) = postProject
		{877A1388-B3CA-481A-9BFB-C7178EC68D0B} = {877A1388-B3CA-481A-9BFB-C7178EC68D0B}
		{31C5E1F3-85BD-4580-973D-CA344342DD36} = {31C5E1F3-85BD-4580-973D-CA344342DD36}
	EndProjectSection
EndProject
Project("{8BC9CEB8-8B4A-11D0-8D11-00A0C91BC942}") = "importJPEG", "importJPEG\importJPEG.vcproj", "{AC29CA10-2B75-494F-A370-6767C7AB5FC1}"
	ProjectSection(ProjectDependencies) = postProject
		{877A1388-B3CA-481A-9BFB-C7178EC68D0B} = {877A1388-B3CA-481A-9BFB-C7178EC68D0B}
		{31C5E1F3-85BD-4580-973D-CA344342DD36} = {31C5E1F3-85BD-4580-973D-CA344342DD36}
	EndProjectSection
EndProject
Project("{8BC9CEB8-8B4A-11D0-8D11-00A0C91BC942}") = "importMIDMIF", "importMIDMIF\importMIDMIF.vcproj", "{AC29CA10-2B75-494F-A370-6767C7AB5FC1}"
	ProjectSection(ProjectDependencies) = postProject
		{877A1388-B3CA-481A-9BFB-C7178EC68D0B} = {877A1388-B3CA-481A-9BFB-C7178EC68D0B}
		{31C5E1F3-85BD-4580-973D-CA344342DD36} = {31C5E1F3-85BD-4580-973D-CA344342DD36}
	EndProjectSection
EndProject
Project("{8BC9CEB8-8B4A-11D0-8D11-00A0C91BC942}") = "importShape", "importShape\importShape.vcproj", "{AC29CA10-2B75-494F-A370-6767C7AB5FC1}"
	ProjectSection(ProjectDependencies) = postProject
		{877A1388-B3CA-481A-9BFB-C7178EC68D0B} = {877A1388-B3CA-481A-9BFB-C7178EC68D0B}
		{31C5E1F3-85BD-4580-973D-CA344342DD36} = {31C5E1F3-85BD-4580-973D-CA344342DD36}
	EndProjectSection
EndProject
Project("{8BC9CEB8-8B4A-11D0-8D11-00A0C91BC942}") = "mosaicTIFFImages", "mosaicTIFFImages\mosaicTIFFImages.vcproj", "{AC29CA10-2B75-494F-A370-6767C7AB5FC1}"
	ProjectSection(ProjectDependencies) = postProject
		{877A1388-B3CA-481A-9BFB-C7178EC68D0B} = {877A1388-B3CA-481A-9BFB-C7178EC68D0B}
		{31C5E1F3-85BD-4580-973D-CA344342DD36} = {31C5E1F3-85BD-4580-973D-CA344342DD36}
	EndProjectSection
EndProject
Project("{8BC9CEB8-8B4A-11D0-8D11-00A0C91BC942}") = "proxMatrixAndSpatialStatistics", "proxMatrixAndSpatialStatistics\proxMatrixAndSpatialStatistics.vcproj", "{38377F38-0982-4920-99D7-370934E022B2}"
	ProjectSection(ProjectDependencies) = postProject
		{877A1388-B3CA-481A-9BFB-C7178EC68D0B} = {877A1388-B3CA-481A-9BFB-C7178EC68D0B}
		{31C5E1F3-85BD-4580-973D-CA344342DD36} = {31C5E1F3-85BD-4580-973D-CA344342DD36}
	EndProjectSection
EndProject
Project("{8BC9CEB8-8B4A-11D0-8D11-00A0C91BC942}") = "querierFromLayer", "querierFromLayer\querierFromLayer.vcproj", "{80AAE397-DA79-440F-B1EF-F7A304FAA94F}"
	ProjectSection(ProjectDependencies) = postProject
		{877A1388-B3CA-481A-9BFB-C7178EC68D0B} = {877A1388-B3CA-481A-9BFB-C7178EC68D0B}
		{31C5E1F3-85BD-4580-973D-CA344342DD36} = {31C5E1F3-85BD-4580-973D-CA344342DD36}
	EndProjectSection
EndProject
Project("{8BC9CEB8-8B4A-11D0-8D11-00A0C91BC942}") = "querierFromTheme", "querierFromTheme\querierFromTheme.vcproj", "{E1FD316B-80D6-4CC0-89DE-FBDCAB9D8A65}"
	ProjectSection(ProjectDependencies) = postProject
		{877A1388-B3CA-481A-9BFB-C7178EC68D0B} = {877A1388-B3CA-481A-9BFB-C7178EC68D0B}
		{31C5E1F3-85BD-4580-973D-CA344342DD36} = {31C5E1F3-85BD-4580-973D-CA344342DD36}
	EndProjectSection
EndProject
Project("{8BC9CEB8-8B4A-11D0-8D11-00A0C91BC942}") = "querierGroupChronon", "querierGroupChronon\querierGroupChronon.vcproj", "{A9396A28-DC43-40CF-A747-54EE8D8D17BD}"
	ProjectSection(ProjectDependencies) = postProject
		{877A1388-B3CA-481A-9BFB-C7178EC68D0B} = {877A1388-B3CA-481A-9BFB-C7178EC68D0B}
		{31C5E1F3-85BD-4580-973D-CA344342DD36} = {31C5E1F3-85BD-4580-973D-CA344342DD36}
	EndProjectSection
EndProject
Project("{8BC9CEB8-8B4A-11D0-8D11-00A0C91BC942}") = "querierGroupElement", "querierGroupElement\querierGroupElement.vcproj", "{AF583813-177A-4F5C-B60B-C5AD0056474A}"
	ProjectSection(ProjectDependencies) = postProject
		{877A1388-B3CA-481A-9BFB-C7178EC68D0B} = {877A1388-B3CA-481A-9BFB-C7178EC68D0B}
		{31C5E1F3-85BD-4580-973D-CA344342DD36} = {31C5E1F3-85BD-4580-973D-CA344342DD36}
	EndProjectSection
EndProject
Project("{8BC9CEB8-8B4A-11D0-8D11-00A0C91BC942}") = "querierGroupSpatialRest", "querierGroupSpatialRest\querierGroupSpatialRest.vcproj", "{6123FB08-BEAA-4586-8BDB-F48974A55935}"
	ProjectSection(ProjectDependencies) = postProject
		{877A1388-B3CA-481A-9BFB-C7178EC68D0B} = {877A1388-B3CA-481A-9BFB-C7178EC68D0B}
		{31C5E1F3-85BD-4580-973D-CA344342DD36} = {31C5E1F3-85BD-4580-973D-CA344342DD36}
	EndProjectSection
EndProject
Project("{8BC9CEB8-8B4A-11D0-8D11-00A0C91BC942}") = "querierWithSpatialRestBox", "querierWithSpatialRestBox\querierWithSpatialRestBox.vcproj", "{B63260EA-95CD-4B78-8EC5-8909737A341D}"
	ProjectSection(ProjectDependencies) = postProject
		{877A1388-B3CA-481A-9BFB-C7178EC68D0B} = {877A1388-B3CA-481A-9BFB-C7178EC68D0B}
		{31C5E1F3-85BD-4580-973D-CA344342DD36} = {31C5E1F3-85BD-4580-973D-CA344342DD36}
	EndProjectSection
EndProject
Project("{8BC9CEB8-8B4A-11D0-8D11-00A0C91BC942}") = "querierWithSpatialRestGeometry", "querierWithSpatialRestGeometry\querierWithSpatialRestGeometry.vcproj", "{752259B0-62E3-49E0-9E87-DB9175684D0C}"
	ProjectSection(ProjectDependencies) = postProject
		{877A1388-B3CA-481A-9BFB-C7178EC68D0B} = {877A1388-B3CA-481A-9BFB-C7178EC68D0B}
		{31C5E1F3-85BD-4580-973D-CA344342DD36} = {31C5E1F3-85BD-4580-973D-CA344342DD36}
	EndProjectSection
EndProject
Project("{8BC9CEB8-8B4A-11D0-8D11-00A0C91BC942}") = "rasterSlicing", "rasterSlicing\rasterSlicing.vcproj", "{AC29CA10-2B75-494F-A370-6767C7AB5FC1}"
	ProjectSection(ProjectDependencies) = postProject
		{877A1388-B3CA-481A-9BFB-C7178EC68D0B} = {877A1388-B3CA-481A-9BFB-C7178EC68D0B}
		{31C5E1F3-85BD-4580-973D-CA344342DD36} = {31C5E1F3-85BD-4580-973D-CA344342DD36}
	EndProjectSection
EndProject
Project("{8BC9CEB8-8B4A-11D0-8D11-00A0C91BC942}") = "spatialQuery", "spatialQuery\spatialQuery.vcproj", "{1175F29C-62AB-4584-99FC-34692ABCFF08}"
	ProjectSection(ProjectDependencies) = postProject
		{877A1388-B3CA-481A-9BFB-C7178EC68D0B} = {877A1388-B3CA-481A-9BFB-C7178EC68D0B}
		{31C5E1F3-85BD-4580-973D-CA344342DD36} = {31C5E1F3-85BD-4580-973D-CA344342DD36}
	EndProjectSection
EndProject
Project("{8BC9CEB8-8B4A-11D0-8D11-00A0C91BC942}") = "spatialQueryAndBuffer", "spatialQueryAndBuffer\spatialQueryAndBuffer.vcproj", "{F7A9F697-5308-42A0-A2A6-1D30BAEAC17B}"
	ProjectSection(ProjectDependencies) = postProject
		{877A1388-B3CA-481A-9BFB-C7178EC68D0B} = {877A1388-B3CA-481A-9BFB-C7178EC68D0B}
		{31C5E1F3-85BD-4580-973D-CA344342DD36} = {31C5E1F3-85BD-4580-973D-CA344342DD36}
	EndProjectSection
EndProject
Project("{8BC9CEB8-8B4A-11D0-8D11-00A0C91BC942}") = "themeGrouping", "themeGrouping\themeGrouping.vcproj", "{56B7D410-3CB8-445A-974E-ECCCF4C48232}"
	ProjectSection(ProjectDependencies) = postProject
		{877A1388-B3CA-481A-9BFB-C7178EC68D0B} = {877A1388-B3CA-481A-9BFB-C7178EC68D0B}
		{31C5E1F3-85BD-4580-973D-CA344342DD36} = {31C5E1F3-85BD-4580-973D-CA344342DD36}
	EndProjectSection
EndProject
Project("{8BC9CEB8-8B4A-11D0-8D11-00A0C91BC942}") = "libjpeg", "..\build\win32-msvc2003\libjpeg\libjpeg.vcproj", "{BEDDDA8D-9821-4B3F-AD36-2B1AACE3572C}"
	ProjectSection(ProjectDependencies) = postProject
	EndProjectSection
EndProject
Project("{8BC9CEB8-8B4A-11D0-8D11-00A0C91BC942}") = "shapelib", "..\build\win32-msvc2003\shapelib\shapelib.vcproj", "{7781B164-814A-406B-B1C7-660D95BF3942}"
	ProjectSection(ProjectDependencies) = postProject
	EndProjectSection
EndProject
Project("{8BC9CEB8-8B4A-11D0-8D11-00A0C91BC942}") = "stat", "..\build\win32-msvc2003\stat\stat.vcproj", "{1CF4791C-050D-4C0F-BF5F-F51F22188FF4}"
	ProjectSection(ProjectDependencies) = postProject
		{70DF8CB8-3CDB-4040-A832-A2FDC05758C2} = {70DF8CB8-3CDB-4040-A832-A2FDC05758C2}
	EndProjectSection
EndProject
Project("{8BC9CEB8-8B4A-11D0-8D11-00A0C91BC942}") = "terralib", "..\build\win32-msvc2003\terralib\terralib.vcproj", "{70DF8CB8-3CDB-4040-A832-A2FDC05758C2}"
	ProjectSection(ProjectDependencies) = postProject
		{7781B164-814A-406B-B1C7-660D95BF3942} = {7781B164-814A-406B-B1C7-660D95BF3942}
		{BEDDDA8D-9821-4B3F-AD36-2B1AACE3572C} = {BEDDDA8D-9821-4B3F-AD36-2B1AACE3572C}
		{6D2D23CE-3FC9-4AFA-AA25-8A5FF7D51703} = {6D2D23CE-3FC9-4AFA-AA25-8A5FF7D51703}
	EndProjectSection
EndProject
Project("{8BC9CEB8-8B4A-11D0-8D11-00A0C91BC942}") = "tiff", "..\build\win32-msvc2003\tiff\tiff.vcproj", "{6D2D23CE-3FC9-4AFA-AA25-8A5FF7D51703}"
	ProjectSection(ProjectDependencies) = postProject
		{BEDDDA8D-9821-4B3F-AD36-2B1AACE3572C} = {BEDDDA8D-9821-4B3F-AD36-2B1AACE3572C}
	EndProjectSection
EndProject
Project("{8BC9CEB8-8B4A-11D0-8D11-00A0C91BC942}") = "createTheme", "createTheme\createTheme.vcproj", "{AC29CA10-2B75-494F-A370-6767C7AB5FC1}"
	ProjectSection(ProjectDependencies) = postProject
		{877A1388-B3CA-481A-9BFB-C7178EC68D0B} = {877A1388-B3CA-481A-9BFB-C7178EC68D0B}
		{31C5E1F3-85BD-4580-973D-CA344342DD36} = {31C5E1F3-85BD-4580-973D-CA344342DD36}
	EndProjectSection
EndProject
Project("{8BC9CEB8-8B4A-11D0-8D11-00A0C91BC942}") = "createTIN", "createTIN\createTIN.vcproj", "{AC29CA10-2B75-494F-A370-6767C7AB5FC1}"
	ProjectSection(ProjectDependencies) = postProject
		{877A1388-B3CA-481A-9BFB-C7178EC68D0B} = {877A1388-B3CA-481A-9BFB-C7178EC68D0B}
		{31C5E1F3-85BD-4580-973D-CA344342DD36} = {31C5E1F3-85BD-4580-973D-CA344342DD36}
	EndProjectSection
EndProject
Project("{8BC9CEB8-8B4A-11D0-8D11-00A0C91BC942}") = "te_functions", "..\build\win32-msvc2003\te_functions\te_functions.vcproj", "{877A1388-B3CA-481A-9BFB-C7178EC68D0B}"
	ProjectSection(ProjectDependencies) = postProject
		{70DF8CB8-3CDB-4040-A832-A2FDC05758C2} = {70DF8CB8-3CDB-4040-A832-A2FDC05758C2}
	EndProjectSection
EndProject
Project("{8BC9CEB8-8B4A-11D0-8D11-00A0C91BC942}") = "te_mysql", "..\build\win32-msvc2003\te_mysql\te_mysql.vcproj", "{31C5E1F3-85BD-4580-973D-CA344342DD36}"
	ProjectSection(ProjectDependencies) = postProject
		{70DF8CB8-3CDB-4040-A832-A2FDC05758C2} = {70DF8CB8-3CDB-4040-A832-A2FDC05758C2}
	EndProjectSection
EndProject
Project("{8BC9CEB8-8B4A-11D0-8D11-00A0C91BC942}") = "te_shapelib", "..\build\win32-msvc2003\te_shapelib\te_shapelib.vcproj", "{18CAE353-F7DD-4FDA-971A-48D856DA0635}"
	ProjectSection(ProjectDependencies) = postProject
		{70DF8CB8-3CDB-4040-A832-A2FDC05758C2} = {70DF8CB8-3CDB-4040-A832-A2FDC05758C2}
	EndProjectSection
EndProject
Global
	GlobalSection(SolutionConfiguration) = preSolution
		Debug = Debug
		Release = Release
	EndGlobalSection
	GlobalSection(ProjectDependencies) = postSolution
	EndGlobalSection
	GlobalSection(ProjectConfiguration) = postSolution
		{AC29CA10-2B75-494F-A370-6767C7AB5FC1}.Debug.ActiveCfg = Debug|Win32
		{AC29CA10-2B75-494F-A370-6767C7AB5FC1}.Debug.Build.0 = Debug|Win32
		{AC29CA10-2B75-494F-A370-6767C7AB5FC1}.Release.ActiveCfg = Release|Win32
		{AC29CA10-2B75-494F-A370-6767C7AB5FC1}.Release.Build.0 = Release|Win32
		{7AF97D40-AC01-471B-AE4A-81D2542DFE5A}.Debug.ActiveCfg = Debug|Win32
		{7AF97D40-AC01-471B-AE4A-81D2542DFE5A}.Debug.Build.0 = Debug|Win32
		{7AF97D40-AC01-471B-AE4A-81D2542DFE5A}.Release.ActiveCfg = Release|Win32
		{7AF97D40-AC01-471B-AE4A-81D2542DFE5A}.Release.Build.0 = Release|Win32
		{BA9A9F9F-CD6E-4203-97C6-EBF862BE6A4D}.Debug.ActiveCfg = Debug|Win32
		{BA9A9F9F-CD6E-4203-97C6-EBF862BE6A4D}.Debug.Build.0 = Debug|Win32
		{BA9A9F9F-CD6E-4203-97C6-EBF862BE6A4D}.Release.ActiveCfg = Release|Win32
		{BA9A9F9F-CD6E-4203-97C6-EBF862BE6A4D}.Release.Build.0 = Release|Win32
		{970FF570-5C7F-48A4-B8C7-C0539D3A45DA}.Debug.ActiveCfg = Debug|Win32
		{970FF570-5C7F-48A4-B8C7-C0539D3A45DA}.Debug.Build.0 = Debug|Win32
		{970FF570-5C7F-48A4-B8C7-C0539D3A45DA}.Release.ActiveCfg = Release|Win32
		{970FF570-5C7F-48A4-B8C7-C0539D3A45DA}.Release.Build.0 = Release|Win32
		{60593B0C-8CD8-4157-95EC-0185FBAD9268}.Debug.ActiveCfg = Debug|Win32
		{60593B0C-8CD8-4157-95EC-0185FBAD9268}.Debug.Build.0 = Debug|Win32
		{60593B0C-8CD8-4157-95EC-0185FBAD9268}.Release.ActiveCfg = Release|Win32
		{60593B0C-8CD8-4157-95EC-0185FBAD9268}.Release.Build.0 = Release|Win32
		{766E52C5-4D16-483C-A2B1-48388BC89232}.Debug.ActiveCfg = Debug|Win32
		{766E52C5-4D16-483C-A2B1-48388BC89232}.Debug.Build.0 = Debug|Win32
		{766E52C5-4D16-483C-A2B1-48388BC89232}.Release.ActiveCfg = Release|Win32
		{766E52C5-4D16-483C-A2B1-48388BC89232}.Release.Build.0 = Release|Win32
		{AC29CA10-2B75-494F-A370-6767C7AB5FC1}.Debug.ActiveCfg = Debug|Win32
		{AC29CA10-2B75-494F-A370-6767C7AB5FC1}.Debug.Build.0 = Debug|Win32
		{AC29CA10-2B75-494F-A370-6767C7AB5FC1}.Release.ActiveCfg = Release|Win32
		{AC29CA10-2B75-494F-A370-6767C7AB5FC1}.Release.Build.0 = Release|Win32
		{13B81AAF-DFE1-4E64-8B6D-1D4251DF8926}.Debug.ActiveCfg = Debug|Win32
		{13B81AAF-DFE1-4E64-8B6D-1D4251DF8926}.Debug.Build.0 = Debug|Win32
		{13B81AAF-DFE1-4E64-8B6D-1D4251DF8926}.Release.ActiveCfg = Release|Win32
		{13B81AAF-DFE1-4E64-8B6D-1D4251DF8926}.Release.Build.0 = Release|Win32
		{1BB59FDE-040E-4273-A0E1-2826608FFB95}.Debug.ActiveCfg = Debug|Win32
		{1BB59FDE-040E-4273-A0E1-2826608FFB95}.Debug.Build.0 = Debug|Win32
		{1BB59FDE-040E-4273-A0E1-2826608FFB95}.Release.ActiveCfg = Release|Win32
		{1BB59FDE-040E-4273-A0E1-2826608FFB95}.Release.Build.0 = Release|Win32
		{970FF570-5C7F-48A4-B8C7-C0539D3A45DA}.Debug.ActiveCfg = Debug|Win32
		{970FF570-5C7F-48A4-B8C7-C0539D3A45DA}.Debug.Build.0 = Debug|Win32
		{970FF570-5C7F-48A4-B8C7-C0539D3A45DA}.Release.ActiveCfg = Release|Win32
		{970FF570-5C7F-48A4-B8C7-C0539D3A45DA}.Release.Build.0 = Release|Win32
		{970FF570-5C7F-48A4-B8C7-C0539D3A45DA}.Debug.ActiveCfg = Debug|Win32
		{970FF570-5C7F-48A4-B8C7-C0539D3A45DA}.Debug.Build.0 = Debug|Win32
		{970FF570-5C7F-48A4-B8C7-C0539D3A45DA}.Release.ActiveCfg = Release|Win32
		{970FF570-5C7F-48A4-B8C7-C0539D3A45DA}.Release.Build.0 = Release|Win32
		{970FF570-5C7F-48A4-B8C7-C0539D3A45DA}.Debug.ActiveCfg = Debug|Win32
		{970FF570-5C7F-48A4-B8C7-C0539D3A45DA}.Debug.Build.0 = Debug|Win32
		{970FF570-5C7F-48A4-B8C7-C0539D3A45DA}.Release.ActiveCfg = Release|Win32
		{970FF570-5C7F-48A4-B8C7-C0539D3A45DA}.Release.Build.0 = Release|Win32
		{AC29CA10-2B75-494F-A370-6767C7AB5FC1}.Debug.ActiveCfg = Debug|Win32
		{AC29CA10-2B75-494F-A370-6767C7AB5FC1}.Debug.Build.0 = Debug|Win32
		{AC29CA10-2B75-494F-A370-6767C7AB5FC1}.Release.ActiveCfg = Release|Win32
		{AC29CA10-2B75-494F-A370-6767C7AB5FC1}.Release.Build.0 = Release|Win32
		{AC29CA10-2B75-494F-A370-6767C7AB5FC1}.Debug.ActiveCfg = Debug|Win32
		{AC29CA10-2B75-494F-A370-6767C7AB5FC1}.Debug.Build.0 = Debug|Win32
		{AC29CA10-2B75-494F-A370-6767C7AB5FC1}.Release.ActiveCfg = Release|Win32
		{AC29CA10-2B75-494F-A370-6767C7AB5FC1}.Release.Build.0 = Release|Win32
		{AC29CA10-2B75-494F-A370-6767C7AB5FC1}.Debug.ActiveCfg = Debug|Win32
		{AC29CA10-2B75-494F-A370-6767C7AB5FC1}.Debug.Build.0 = Debug|Win32
		{AC29CA10-2B75-494F-A370-6767C7AB5FC1}.Release.ActiveCfg = Release|Win32
		{AC29CA10-2B75-494F-A370-6767C7AB5FC1}.Release.Build.0 = Release|Win32
		{AC29CA10-2B75-494F-A370-6767C7AB5FC1}.Debug.ActiveCfg = Debug|Win32
		{AC29CA10-2B75-494F-A370-6767C7AB5FC1}.Debug.Build.0 = Debug|Win32
		{AC29CA10-2B75-494F-A370-6767C7AB5FC1}.Release.ActiveCfg = Release|Win32
		{AC29CA10-2B75-494F-A370-6767C7AB5FC1}.Release.Build.0 = Release|Win32
		{AC29CA10-2B75-494F-A370-6767C7AB5FC1}.Debug.ActiveCfg = Debug|Win32
		{AC29CA10-2B75-494F-A370-6767C7AB5FC1}.Debug.Build.0 = Debug|Win32
		{AC29CA10-2B75-494F-A370-6767C7AB5FC1}.Release.ActiveCfg = Release|Win32
		{AC29CA10-2B75-494F-A370-6767C7AB5FC1}.Release.Build.0 = Release|Win32
		{AC29CA10-2B75-494F-A370-6767C7AB5FC1}.Debug.ActiveCfg = Debug|Win32
		{AC29CA10-2B75-494F-A370-6767C7AB5FC1}.Debug.Build.0 = Debug|Win32
		{AC29CA10-2B75-494F-A370-6767C7AB5FC1}.Release.ActiveCfg = Release|Win32
		{AC29CA10-2B75-494F-A370-6767C7AB5FC1}.Release.Build.0 = Release|Win32
		{AC29CA10-2B75-494F-A370-6767C7AB5FC1}.Debug.ActiveCfg = Debug|Win32
		{AC29CA10-2B75-494F-A370-6767C7AB5FC1}.Debug.Build.0 = Debug|Win32
		{AC29CA10-2B75-494F-A370-6767C7AB5FC1}.Release.ActiveCfg = Release|Win32
		{AC29CA10-2B75-494F-A370-6767C7AB5FC1}.Release.Build.0 = Release|Win32
		{AC29CA10-2B75-494F-A370-6767C7AB5FC1}.Debug.ActiveCfg = Debug|Win32
		{AC29CA10-2B75-494F-A370-6767C7AB5FC1}.Debug.Build.0 = Debug|Win32
		{AC29CA10-2B75-494F-A370-6767C7AB5FC1}.Release.ActiveCfg = Release|Win32
		{AC29CA10-2B75-494F-A370-6767C7AB5FC1}.Release.Build.0 = Release|Win32
		{38377F38-0982-4920-99D7-370934E022B2}.Debug.ActiveCfg = Debug|Win32
		{38377F38-0982-4920-99D7-370934E022B2}.Debug.Build.0 = Debug|Win32
		{38377F38-0982-4920-99D7-370934E022B2}.Release.ActiveCfg = Release|Win32
		{38377F38-0982-4920-99D7-370934E022B2}.Release.Build.0 = Release|Win32
		{80AAE397-DA79-440F-B1EF-F7A304FAA94F}.Debug.ActiveCfg = Debug|Win32
		{80AAE397-DA79-440F-B1EF-F7A304FAA94F}.Debug.Build.0 = Debug|Win32
		{80AAE397-DA79-440F-B1EF-F7A304FAA94F}.Release.ActiveCfg = Release|Win32
		{80AAE397-DA79-440F-B1EF-F7A304FAA94F}.Release.Build.0 = Release|Win32
		{E1FD316B-80D6-4CC0-89DE-FBDCAB9D8A65}.Debug.ActiveCfg = Debug|Win32
		{E1FD316B-80D6-4CC0-89DE-FBDCAB9D8A65}.Debug.Build.0 = Debug|Win32
		{E1FD316B-80D6-4CC0-89DE-FBDCAB9D8A65}.Release.ActiveCfg = Release|Win32
		{E1FD316B-80D6-4CC0-89DE-FBDCAB9D8A65}.Release.Build.0 = Release|Win32
		{A9396A28-DC43-40CF-A747-54EE8D8D17BD}.Debug.ActiveCfg = Debug|Win32
		{A9396A28-DC43-40CF-A747-54EE8D8D17BD}.Debug.Build.0 = Debug|Win32
		{A9396A28-DC43-40CF-A747-54EE8D8D17BD}.Release.ActiveCfg = Release|Win32
		{A9396A28-DC43-40CF-A747-54EE8D8D17BD}.Release.Build.0 = Release|Win32
		{AF583813-177A-4F5C-B60B-C5AD0056474A}.Debug.ActiveCfg = Debug|Win32
		{AF583813-177A-4F5C-B60B-C5AD0056474A}.Debug.Build.0 = Debug|Win32
		{AF583813-177A-4F5C-B60B-C5AD0056474A}.Release.ActiveCfg = Release|Win32
		{AF583813-177A-4F5C-B60B-C5AD0056474A}.Release.Build.0 = Release|Win32
		{6123FB08-BEAA-4586-8BDB-F48974A55935}.Debug.ActiveCfg = Debug|Win32
		{6123FB08-BEAA-4586-8BDB-F48974A55935}.Debug.Build.0 = Debug|Win32
		{6123FB08-BEAA-4586-8BDB-F48974A55935}.Release.ActiveCfg = Release|Win32
		{6123FB08-BEAA-4586-8BDB-F48974A55935}.Release.Build.0 = Release|Win32
		{B63260EA-95CD-4B78-8EC5-8909737A341D}.Debug.ActiveCfg = Debug|Win32
		{B63260EA-95CD-4B78-8EC5-8909737A341D}.Debug.Build.0 = Debug|Win32
		{B63260EA-95CD-4B78-8EC5-8909737A341D}.Release.ActiveCfg = Release|Win32
		{B63260EA-95CD-4B78-8EC5-8909737A341D}.Release.Build.0 = Release|Win32
		{752259B0-62E3-49E0-9E87-DB9175684D0C}.Debug.ActiveCfg = Debug|Win32
		{752259B0-62E3-49E0-9E87-DB9175684D0C}.Debug.Build.0 = Debug|Win32
		{752259B0-62E3-49E0-9E87-DB9175684D0C}.Release.ActiveCfg = Release|Win32
		{752259B0-62E3-49E0-9E87-DB9175684D0C}.Release.Build.0 = Release|Win32
		{AC29CA10-2B75-494F-A370-6767C7AB5FC1}.Debug.ActiveCfg = Debug|Win32
		{AC29CA10-2B75-494F-A370-6767C7AB5FC1}.Debug.Build.0 = Debug|Win32
		{AC29CA10-2B75-494F-A370-6767C7AB5FC1}.Release.ActiveCfg = Release|Win32
		{AC29CA10-2B75-494F-A370-6767C7AB5FC1}.Release.Build.0 = Release|Win32
		{1175F29C-62AB-4584-99FC-34692ABCFF08}.Debug.ActiveCfg = Debug|Win32
		{1175F29C-62AB-4584-99FC-34692ABCFF08}.Debug.Build.0 = Debug|Win32
		{1175F29C-62AB-4584-99FC-34692ABCFF08}.Release.ActiveCfg = Release|Win32
		{1175F29C-62AB-4584-99FC-34692ABCFF08}.Release.Build.0 = Release|Win32
		{F7A9F697-5308-42A0-A2A6-1D30BAEAC17B}.Debug.ActiveCfg = Debug|Win32
		{F7A9F697-5308-42A0-A2A6-1D30BAEAC17B}.Debug.Build.0 = Debug|Win32
		{F7A9F697-5308-42A0-A2A6-1D30BAEAC17B}.Release.ActiveCfg = Release|Win32
		{F7A9F697-5308-42A0-A2A6-1D30BAEAC17B}.Release.Build.0 = Release|Win32
		{56B7D410-3CB8-445A-974E-ECCCF4C48232}.Debug.ActiveCfg = Debug|Win32
		{56B7D410-3CB8-445A-974E-ECCCF4C48232}.Debug.Build.0 = Debug|Win32
		{56B7D410-3CB8-445A-974E-ECCCF4C48232}.Release.ActiveCfg = Release|Win32
		{56B7D410-3CB8-445A-974E-ECCCF4C48232}.Release.Build.0 = Release|Win32
		{BEDDDA8D-9821-4B3F-AD36-2B1AACE3572C}.Debug.ActiveCfg = Debug|Win32
		{BEDDDA8D-9821-4B3F-AD36-2B1AACE3572C}.Debug.Build.0 = Debug|Win32
		{BEDDDA8D-9821-4B3F-AD36-2B1AACE3572C}.Release.ActiveCfg = Release|Win32
		{BEDDDA8D-9821-4B3F-AD36-2B1AACE3572C}.Release.Build.0 = Release|Win32
		{7781B164-814A-406B-B1C7-660D95BF3942}.Debug.ActiveCfg = Debug|Win32
		{7781B164-814A-406B-B1C7-660D95BF3942}.Debug.Build.0 = Debug|Win32
		{7781B164-814A-406B-B1C7-660D95BF3942}.Release.ActiveCfg = Release|Win32
		{7781B164-814A-406B-B1C7-660D95BF3942}.Release.Build.0 = Release|Win32
		{1CF4791C-050D-4C0F-BF5F-F51F22188FF4}.Debug.ActiveCfg = Debug|Win32
		{1CF4791C-050D-4C0F-BF5F-F51F22188FF4}.Debug.Build.0 = Debug|Win32
		{1CF4791C-050D-4C0F-BF5F-F51F22188FF4}.Release.ActiveCfg = Release|Win32
		{1CF4791C-050D-4C0F-BF5F-F51F22188FF4}.Release.Build.0 = Release|Win32
		{70DF8CB8-3CDB-4040-A832-A2FDC05758C2}.Debug.ActiveCfg = Debug|Win32
		{70DF8CB8-3CDB-4040-A832-A2FDC05758C2}.Debug.Build.0 = Debug|Win32
		{70DF8CB8-3CDB-4040-A832-A2FDC05758C2}.Release.ActiveCfg = Release|Win32
		{70DF8CB8-3CDB-4040-A832-A2FDC05758C2}.Release.Build.0 = Release|Win32
		{6D2D23CE-3FC9-4AFA-AA25-8A5FF7D51703}.Debug.ActiveCfg = Debug|Win32
		{6D2D23CE-3FC9-4AFA-AA25-8A5FF7D51703}.Debug.Build.0 = Debug|Win32
		{6D2D23CE-3FC9-4AFA-AA25-8A5FF7D51703}.Release.ActiveCfg = Release|Win32
		{6D2D23CE-3FC9-4AFA-AA25-8A5FF7D51703}.Release.Build.0 = Release|Win32
		{AC29CA10-2B75-494F-A370-6767C7AB5FC1}.Debug.ActiveCfg = Debug|Win32
		{AC29CA10-2B75-494F-A370-6767C7AB5FC1}.Debug.Build.0 = Debug|Win32
		{AC29CA10-2B75-494F-A370-6767C7AB5FC1}.Release.ActiveCfg = Release|Win32
		{AC29CA10-2B75-494F-A370-6767C7AB5FC1}.Release.Build.0 = Release|Win32
		{AC29CA10-2B75-494F-A370-6767C7AB5FC1}.Debug.ActiveCfg = Debug|Win32
		{AC29CA10-2B75-494F-A370-6767C7AB5FC1}.Debug.Build.0 = Debug|Win32
		{AC29CA10-2B75-494F-A370-6767C7AB5FC1}.Release.ActiveCfg = Release|Win32
		{AC29CA10-2B75-494F-A370-6767C7AB5FC1}.Release.Build.0 = Release|Win32
		{877A1388-B3CA-481A-9BFB-C7178EC68D0B}.Debug.ActiveCfg = Debug|Win32
		{877A1388-B3CA-481A-9BFB-C7178EC68D0B}.Debug.Build.0 = Debug|Win32
		{877A1388-B3CA-481A-9BFB-C7178EC68D0B}.Release.ActiveCfg = Release|Win32
		{877A1388-B3CA-481A-9BFB-C7178EC68D0B}.Release.Build.0 = Release|Win32
		{31C5E1F3-85BD-4580-973D-CA344342DD36}.Debug.ActiveCfg = Debug|Win32
		{31C5E1F3-85BD-4580-973D-CA344342DD36}.Debug.Build.0 = Debug|Win32
		{31C5E1F3-85BD-4580-973D-CA344342DD36}.Release.ActiveCfg = Release|Win32
		{31C5E1F3-85BD-4580-973D-CA344342DD36}.Release.Build.0 = Release|Win32
		{18CAE353-F7DD-4FDA-971A-48D856DA0635}.Debug.ActiveCfg = Debug|Win32
		{18CAE353-F7DD-4FDA-971A-48D856DA0635}.Debug.Build.0 = Debug|Win32
		{18CAE353-F7DD-4FDA-971A-48D856DA0635}.Release.ActiveCfg = Release|Win32
		{18CAE353-F7DD-4FDA-971A-48D856DA0635}.Release.Build.0 = Release|Win32
	EndGlobalSection
	GlobalSection(ExtensibilityGlobals) = postSolution
	EndGlobalSection
	GlobalSection(ExtensibilityAddIns) = postSolution
	EndGlobalSection
EndGlobal
